
Microsoft Visual Studio Solution File, Format Version 12.00
# Visual Studio 15
VisualStudioVersion = 15.0.27703.2047
MinimumVisualStudioVersion = 10.0.40219.1
Project("{FAE04EC0-301F-11D3-BF4B-00C04F79EFBC}") = "Puc2.Mvc", "Puc2.Mvc\Puc2.Mvc\Puc2.Mvc.csproj", "{B56874D9-4410-45E2-932C-7698144B3938}"
EndProject
Project("{FAE04EC0-301F-11D3-BF4B-00C04F79EFBC}") = "Puc2.Util.Util", "Puc2.Util\Puc2.Util.Util.csproj", "{67E70012-1793-4897-B72C-D2BC8DAE0815}"
EndProject
Project("{FAE04EC0-301F-11D3-BF4B-00C04F79EFBC}") = "Puc2.Modelo", "Puc2.Modelo\Puc2.Modelo.csproj", "{734B7EFB-62D1-4320-A13D-8ADAAAE5C57C}"
EndProject
Project("{FAE04EC0-301F-11D3-BF4B-00C04F79EFBC}") = "Puc2.RegraDeNegocio", "Puc2.RegraDeNegocio\Puc2.RegraDeNegocio.csproj", "{E9CD95F4-5F3A-4535-BB96-FED551C87E4D}"
EndProject
Project("{FAE04EC0-301F-11D3-BF4B-00C04F79EFBC}") = "Puc2.AcessoADados", "Puc2.AcessoADados\Puc2.AcessoADados.csproj", "{1BFD4FEB-B0D1-45BC-A226-DE0A5F560550}"
EndProject
Project("{FAE04EC0-301F-11D3-BF4B-00C04F79EFBC}") = "Puc2.BaseDeDados", "Puc2.BaseDeDados\Puc2.BaseDeDados.csproj", "{5E5F2F87-B270-4BFA-B628-3EA34F4D765F}"
EndProject
Global
	GlobalSection(SolutionConfigurationPlatforms) = preSolution
		Debug|Any CPU = Debug|Any CPU
		Release|Any CPU = Release|Any CPU
	EndGlobalSection
	GlobalSection(ProjectConfigurationPlatforms) = postSolution
		{B56874D9-4410-45E2-932C-7698144B3938}.Debug|Any CPU.ActiveCfg = Debug|Any CPU
		{B56874D9-4410-45E2-932C-7698144B3938}.Debug|Any CPU.Build.0 = Debug|Any CPU
		{B56874D9-4410-45E2-932C-7698144B3938}.Release|Any CPU.ActiveCfg = Release|Any CPU
		{B56874D9-4410-45E2-932C-7698144B3938}.Release|Any CPU.Build.0 = Release|Any CPU
		{67E70012-1793-4897-B72C-D2BC8DAE0815}.Debug|Any CPU.ActiveCfg = Debug|Any CPU
		{67E70012-1793-4897-B72C-D2BC8DAE0815}.Debug|Any CPU.Build.0 = Debug|Any CPU
		{67E70012-1793-4897-B72C-D2BC8DAE0815}.Release|Any CPU.ActiveCfg = Release|Any CPU
		{67E70012-1793-4897-B72C-D2BC8DAE0815}.Release|Any CPU.Build.0 = Release|Any CPU
		{734B7EFB-62D1-4320-A13D-8ADAAAE5C57C}.Debug|Any CPU.ActiveCfg = Debug|Any CPU
		{734B7EFB-62D1-4320-A13D-8ADAAAE5C57C}.Debug|Any CPU.Build.0 = Debug|Any CPU
		{734B7EFB-62D1-4320-A13D-8ADAAAE5C57C}.Release|Any CPU.ActiveCfg = Release|Any CPU
		{734B7EFB-62D1-4320-A13D-8ADAAAE5C57C}.Release|Any CPU.Build.0 = Release|Any CPU
		{E9CD95F4-5F3A-4535-BB96-FED551C87E4D}.Debug|Any CPU.ActiveCfg = Debug|Any CPU
		{E9CD95F4-5F3A-4535-BB96-FED551C87E4D}.Debug|Any CPU.Build.0 = Debug|Any CPU
		{E9CD95F4-5F3A-4535-BB96-FED551C87E4D}.Release|Any CPU.ActiveCfg = Release|Any CPU
		{E9CD95F4-5F3A-4535-BB96-FED551C87E4D}.Release|Any CPU.Build.0 = Release|Any CPU
		{1BFD4FEB-B0D1-45BC-A226-DE0A5F560550}.Debug|Any CPU.ActiveCfg = Debug|Any CPU
		{1BFD4FEB-B0D1-45BC-A226-DE0A5F560550}.Debug|Any CPU.Build.0 = Debug|Any CPU
		{1BFD4FEB-B0D1-45BC-A226-DE0A5F560550}.Release|Any CPU.ActiveCfg = Release|Any CPU
		{1BFD4FEB-B0D1-45BC-A226-DE0A5F560550}.Release|Any CPU.Build.0 = Release|Any CPU
		{5E5F2F87-B270-4BFA-B628-3EA34F4D765F}.Debug|Any CPU.ActiveCfg = Debug|Any CPU
		{5E5F2F87-B270-4BFA-B628-3EA34F4D765F}.Debug|Any CPU.Build.0 = Debug|Any CPU
		{5E5F2F87-B270-4BFA-B628-3EA34F4D765F}.Release|Any CPU.ActiveCfg = Release|Any CPU
		{5E5F2F87-B270-4BFA-B628-3EA34F4D765F}.Release|Any CPU.Build.0 = Release|Any CPU
	EndGlobalSection
	GlobalSection(SolutionProperties) = preSolution
		HideSolutionNode = FALSE
	EndGlobalSection
	GlobalSection(ExtensibilityGlobals) = postSolution
		SolutionGuid = {316B66C6-043E-4784-BBD0-98065CDD97ED}
	EndGlobalSection
EndGlobal
