
Microsoft Visual Studio Solution File, Format Version 12.00
# Visual Studio 15
VisualStudioVersion = 15.0.27703.2047
MinimumVisualStudioVersion = 10.0.40219.1
Project("{FAE04EC0-301F-11D3-BF4B-00C04F79EFBC}") = "Puc2.Util.Util", "Puc2.Util.Util.csproj", "{67E70012-1793-4897-B72C-D2BC8DAE0815}"
EndProject
Global
	GlobalSection(SolutionConfigurationPlatforms) = preSolution
		Debug|Any CPU = Debug|Any CPU
		Release|Any CPU = Release|Any CPU
	EndGlobalSection
	GlobalSection(ProjectConfigurationPlatforms) = postSolution
		{67E70012-1793-4897-B72C-D2BC8DAE0815}.Debug|Any CPU.ActiveCfg = Debug|Any CPU
		{67E70012-1793-4897-B72C-D2BC8DAE0815}.Debug|Any CPU.Build.0 = Debug|Any CPU
		{67E70012-1793-4897-B72C-D2BC8DAE0815}.Release|Any CPU.ActiveCfg = Release|Any CPU
		{67E70012-1793-4897-B72C-D2BC8DAE0815}.Release|Any CPU.Build.0 = Release|Any CPU
	EndGlobalSection
	GlobalSection(SolutionProperties) = preSolution
		HideSolutionNode = FALSE
	EndGlobalSection
	GlobalSection(ExtensibilityGlobals) = postSolution
		SolutionGuid = {FFA2F65D-5701-4C1C-9BB4-6AAFD72C28E3}
	EndGlobalSection
EndGlobal
